
Microsoft Visual Studio Solution File, Format Version 12.00
# Visual Studio Version 17
VisualStudioVersion = 17.0.31903.59
MinimumVisualStudioVersion = 10.0.40219.1
Project("{9A19103F-16F7-4668-BE54-9A1E7A4F7556}") = "Domain", "src\Domain\Domain.csproj", "{C7E89A3E-A631-4760-8D61-BD1EAB1C4E69}"
EndProject
Project("{9A19103F-16F7-4668-BE54-9A1E7A4F7556}") = "Application", "src\Application\Application.csproj", "{34C0FACD-F3D9-400C-8945-554DD6B0819A}"
EndProject
Project("{9A19103F-16F7-4668-BE54-9A1E7A4F7556}") = "Infrastructure", "src\Infrastructure\Infrastructure.csproj", "{117DA02F-5274-4565-ACC6-DA9B6E568B09}"
EndProject
Project("{2150E333-8FDC-42A3-9474-1A3956D46DE8}") = "src", "src", "{6ED356A7-8B47-4613-AD01-C85CF28491BD}"
EndProject
Project("{2150E333-8FDC-42A3-9474-1A3956D46DE8}") = "tests", "tests", "{664D406C-2F83-48F0-BFC3-408D5CB53C65}"
EndProject
Project("{9A19103F-16F7-4668-BE54-9A1E7A4F7556}") = "Application.UnitTests", "tests\Application.UnitTests\Application.UnitTests.csproj", "{DEFF4009-1FAB-4392-80B6-707E2DC5C00B}"
EndProject
Project("{9A19103F-16F7-4668-BE54-9A1E7A4F7556}") = "Domain.UnitTests", "tests\Domain.UnitTests\Domain.UnitTests.csproj", "{DC37FD87-552C-4613-9F16-1537CA522898}"
EndProject
Project("{2150E333-8FDC-42A3-9474-1A3956D46DE8}") = "Solution Items", "Solution Items", "{E2DA20AA-28D1-455C-BF50-C49A8F831633}"
	ProjectSection(SolutionItems) = preProject
		.editorconfig = .editorconfig
		.gitignore = .gitignore
		Directory.Build.props = Directory.Build.props
		Directory.Packages.props = Directory.Packages.props
		global.json = global.json
		README.md = README.md
		UML Diagrams.mdj = UML Diagrams.mdj
	EndProjectSection
EndProject
Project("{9A19103F-16F7-4668-BE54-9A1E7A4F7556}") = "Web", "src\Web\Web.csproj", "{4E4EE20C-F06A-4A1B-851F-C5577796941C}"
EndProject
Project("{9A19103F-16F7-4668-BE54-9A1E7A4F7556}") = "Web.AcceptanceTests", "tests\Web.AcceptanceTests\Web.AcceptanceTests.csproj", "{21334974-6B07-47BB-B664-AC62FE58C12B}"
EndProject
Project("{9A19103F-16F7-4668-BE54-9A1E7A4F7556}") = "Application.FunctionalTests", "tests\Application.FunctionalTests\Application.FunctionalTests.csproj", "{EA6127A5-94C9-4C31-AD11-E6811B92B520}"
EndProject
Project("{9A19103F-16F7-4668-BE54-9A1E7A4F7556}") = "Infrastructure.IntegrationTests", "tests\Infrastructure.IntegrationTests\Infrastructure.IntegrationTests.csproj", "{01FA6786-921D-4CE8-8C50-4FDA66C9477D}"
EndProject
Project("{FAE04EC0-301F-11D3-BF4B-00C04F79EFBC}") = "AppHost", "src\AppHost\AppHost.csproj", "{BB9C41FD-1395-49AC-C085-55B269795333}"
EndProject
Project("{FAE04EC0-301F-11D3-BF4B-00C04F79EFBC}") = "ServiceDefaults", "src\ServiceDefaults\ServiceDefaults.csproj", "{E3C0E21B-371B-ACD5-5FF0-77C353D89E20}"
EndProject
Project("{FAE04EC0-301F-11D3-BF4B-00C04F79EFBC}") = "WindowsUI", "src\Windows\WindowsUI.csproj", "{D6C1D170-62B6-1E98-DE48-7631281BB9EE}"
EndProject
Project("{2150E333-8FDC-42A3-9474-1A3956D46DE8}") = "Client", "Client", "{02EA681E-C7D8-13C7-8484-4AC65E1B71E8}"
EndProject
Project("{2150E333-8FDC-42A3-9474-1A3956D46DE8}") = "Server", "Server", "{C4AA892F-5BCF-4134-81A0-B74138AD37FF}"
EndProject
Project("{2150E333-8FDC-42A3-9474-1A3956D46DE8}") = "Bootstrap", "Bootstrap", "{DE03EC9F-1732-4B17-9E4D-A25CAA03F58E}"
EndProject
Project("{FAE04EC0-301F-11D3-BF4B-00C04F79EFBC}") = "Presentation", "src\Presentation\Presentation.csproj", "{8EEE0BB5-979C-4EEC-A906-9A1B48A853F5}"
EndProject
Global
	GlobalSection(SolutionConfigurationPlatforms) = preSolution
		Debug|Any CPU = Debug|Any CPU
		Release|Any CPU = Release|Any CPU
	EndGlobalSection
	GlobalSection(ProjectConfigurationPlatforms) = postSolution
		{C7E89A3E-A631-4760-8D61-BD1EAB1C4E69}.Debug|Any CPU.ActiveCfg = Debug|Any CPU
		{C7E89A3E-A631-4760-8D61-BD1EAB1C4E69}.Debug|Any CPU.Build.0 = Debug|Any CPU
		{C7E89A3E-A631-4760-8D61-BD1EAB1C4E69}.Release|Any CPU.ActiveCfg = Release|Any CPU
		{C7E89A3E-A631-4760-8D61-BD1EAB1C4E69}.Release|Any CPU.Build.0 = Release|Any CPU
		{34C0FACD-F3D9-400C-8945-554DD6B0819A}.Debug|Any CPU.ActiveCfg = Debug|Any CPU
		{34C0FACD-F3D9-400C-8945-554DD6B0819A}.Debug|Any CPU.Build.0 = Debug|Any CPU
		{34C0FACD-F3D9-400C-8945-554DD6B0819A}.Release|Any CPU.ActiveCfg = Release|Any CPU
		{34C0FACD-F3D9-400C-8945-554DD6B0819A}.Release|Any CPU.Build.0 = Release|Any CPU
		{117DA02F-5274-4565-ACC6-DA9B6E568B09}.Debug|Any CPU.ActiveCfg = Debug|Any CPU
		{117DA02F-5274-4565-ACC6-DA9B6E568B09}.Debug|Any CPU.Build.0 = Debug|Any CPU
		{117DA02F-5274-4565-ACC6-DA9B6E568B09}.Release|Any CPU.ActiveCfg = Release|Any CPU
		{117DA02F-5274-4565-ACC6-DA9B6E568B09}.Release|Any CPU.Build.0 = Release|Any CPU
		{DEFF4009-1FAB-4392-80B6-707E2DC5C00B}.Debug|Any CPU.ActiveCfg = Debug|Any CPU
		{DEFF4009-1FAB-4392-80B6-707E2DC5C00B}.Debug|Any CPU.Build.0 = Debug|Any CPU
		{DEFF4009-1FAB-4392-80B6-707E2DC5C00B}.Release|Any CPU.ActiveCfg = Release|Any CPU
		{DEFF4009-1FAB-4392-80B6-707E2DC5C00B}.Release|Any CPU.Build.0 = Release|Any CPU
		{DC37FD87-552C-4613-9F16-1537CA522898}.Debug|Any CPU.ActiveCfg = Debug|Any CPU
		{DC37FD87-552C-4613-9F16-1537CA522898}.Debug|Any CPU.Build.0 = Debug|Any CPU
		{DC37FD87-552C-4613-9F16-1537CA522898}.Release|Any CPU.ActiveCfg = Release|Any CPU
		{DC37FD87-552C-4613-9F16-1537CA522898}.Release|Any CPU.Build.0 = Release|Any CPU
		{4E4EE20C-F06A-4A1B-851F-C5577796941C}.Debug|Any CPU.ActiveCfg = Debug|Any CPU
		{4E4EE20C-F06A-4A1B-851F-C5577796941C}.Debug|Any CPU.Build.0 = Debug|Any CPU
		{4E4EE20C-F06A-4A1B-851F-C5577796941C}.Release|Any CPU.ActiveCfg = Release|Any CPU
		{4E4EE20C-F06A-4A1B-851F-C5577796941C}.Release|Any CPU.Build.0 = Release|Any CPU
		{21334974-6B07-47BB-B664-AC62FE58C12B}.Debug|Any CPU.ActiveCfg = Debug|Any CPU
		{21334974-6B07-47BB-B664-AC62FE58C12B}.Debug|Any CPU.Build.0 = Debug|Any CPU
		{21334974-6B07-47BB-B664-AC62FE58C12B}.Release|Any CPU.ActiveCfg = Release|Any CPU
		{21334974-6B07-47BB-B664-AC62FE58C12B}.Release|Any CPU.Build.0 = Release|Any CPU
		{EA6127A5-94C9-4C31-AD11-E6811B92B520}.Debug|Any CPU.ActiveCfg = Debug|Any CPU
		{EA6127A5-94C9-4C31-AD11-E6811B92B520}.Debug|Any CPU.Build.0 = Debug|Any CPU
		{EA6127A5-94C9-4C31-AD11-E6811B92B520}.Release|Any CPU.ActiveCfg = Release|Any CPU
		{EA6127A5-94C9-4C31-AD11-E6811B92B520}.Release|Any CPU.Build.0 = Release|Any CPU
		{01FA6786-921D-4CE8-8C50-4FDA66C9477D}.Debug|Any CPU.ActiveCfg = Debug|Any CPU
		{01FA6786-921D-4CE8-8C50-4FDA66C9477D}.Debug|Any CPU.Build.0 = Debug|Any CPU
		{01FA6786-921D-4CE8-8C50-4FDA66C9477D}.Release|Any CPU.ActiveCfg = Release|Any CPU
		{01FA6786-921D-4CE8-8C50-4FDA66C9477D}.Release|Any CPU.Build.0 = Release|Any CPU
		{BB9C41FD-1395-49AC-C085-55B269795333}.Debug|Any CPU.ActiveCfg = Debug|Any CPU
		{BB9C41FD-1395-49AC-C085-55B269795333}.Debug|Any CPU.Build.0 = Debug|Any CPU
		{BB9C41FD-1395-49AC-C085-55B269795333}.Release|Any CPU.ActiveCfg = Release|Any CPU
		{BB9C41FD-1395-49AC-C085-55B269795333}.Release|Any CPU.Build.0 = Release|Any CPU
		{E3C0E21B-371B-ACD5-5FF0-77C353D89E20}.Debug|Any CPU.ActiveCfg = Debug|Any CPU
		{E3C0E21B-371B-ACD5-5FF0-77C353D89E20}.Debug|Any CPU.Build.0 = Debug|Any CPU
		{E3C0E21B-371B-ACD5-5FF0-77C353D89E20}.Release|Any CPU.ActiveCfg = Release|Any CPU
		{E3C0E21B-371B-ACD5-5FF0-77C353D89E20}.Release|Any CPU.Build.0 = Release|Any CPU
		{D6C1D170-62B6-1E98-DE48-7631281BB9EE}.Debug|Any CPU.ActiveCfg = Debug|Any CPU
		{D6C1D170-62B6-1E98-DE48-7631281BB9EE}.Debug|Any CPU.Build.0 = Debug|Any CPU
		{D6C1D170-62B6-1E98-DE48-7631281BB9EE}.Release|Any CPU.ActiveCfg = Release|Any CPU
		{D6C1D170-62B6-1E98-DE48-7631281BB9EE}.Release|Any CPU.Build.0 = Release|Any CPU
		{8EEE0BB5-979C-4EEC-A906-9A1B48A853F5}.Debug|Any CPU.ActiveCfg = Debug|Any CPU
		{8EEE0BB5-979C-4EEC-A906-9A1B48A853F5}.Debug|Any CPU.Build.0 = Debug|Any CPU
		{8EEE0BB5-979C-4EEC-A906-9A1B48A853F5}.Release|Any CPU.ActiveCfg = Release|Any CPU
		{8EEE0BB5-979C-4EEC-A906-9A1B48A853F5}.Release|Any CPU.Build.0 = Release|Any CPU
	EndGlobalSection
	GlobalSection(SolutionProperties) = preSolution
		HideSolutionNode = FALSE
	EndGlobalSection
	GlobalSection(NestedProjects) = preSolution
		{C7E89A3E-A631-4760-8D61-BD1EAB1C4E69} = {C4AA892F-5BCF-4134-81A0-B74138AD37FF}
		{34C0FACD-F3D9-400C-8945-554DD6B0819A} = {C4AA892F-5BCF-4134-81A0-B74138AD37FF}
		{117DA02F-5274-4565-ACC6-DA9B6E568B09} = {C4AA892F-5BCF-4134-81A0-B74138AD37FF}
		{DEFF4009-1FAB-4392-80B6-707E2DC5C00B} = {664D406C-2F83-48F0-BFC3-408D5CB53C65}
		{DC37FD87-552C-4613-9F16-1537CA522898} = {664D406C-2F83-48F0-BFC3-408D5CB53C65}
		{4E4EE20C-F06A-4A1B-851F-C5577796941C} = {C4AA892F-5BCF-4134-81A0-B74138AD37FF}
		{21334974-6B07-47BB-B664-AC62FE58C12B} = {664D406C-2F83-48F0-BFC3-408D5CB53C65}
		{EA6127A5-94C9-4C31-AD11-E6811B92B520} = {664D406C-2F83-48F0-BFC3-408D5CB53C65}
		{01FA6786-921D-4CE8-8C50-4FDA66C9477D} = {664D406C-2F83-48F0-BFC3-408D5CB53C65}
		{BB9C41FD-1395-49AC-C085-55B269795333} = {DE03EC9F-1732-4B17-9E4D-A25CAA03F58E}
		{E3C0E21B-371B-ACD5-5FF0-77C353D89E20} = {DE03EC9F-1732-4B17-9E4D-A25CAA03F58E}
		{D6C1D170-62B6-1E98-DE48-7631281BB9EE} = {02EA681E-C7D8-13C7-8484-4AC65E1B71E8}
		{02EA681E-C7D8-13C7-8484-4AC65E1B71E8} = {6ED356A7-8B47-4613-AD01-C85CF28491BD}
		{C4AA892F-5BCF-4134-81A0-B74138AD37FF} = {6ED356A7-8B47-4613-AD01-C85CF28491BD}
		{DE03EC9F-1732-4B17-9E4D-A25CAA03F58E} = {6ED356A7-8B47-4613-AD01-C85CF28491BD}
		{8EEE0BB5-979C-4EEC-A906-9A1B48A853F5} = {02EA681E-C7D8-13C7-8484-4AC65E1B71E8}
	EndGlobalSection
	GlobalSection(ExtensibilityGlobals) = postSolution
		SolutionGuid = {3CB609D9-5D54-4C11-A371-DAAC8B74E430}
	EndGlobalSection
EndGlobal
